
Microsoft Visual Studio Solution File, Format Version 12.00
# Visual Studio Version 17
VisualStudioVersion = 17.9.34616.47
MinimumVisualStudioVersion = 10.0.40219.1
Project("{FAE04EC0-301F-11D3-BF4B-00C04F79EFBC}") = "BoardingSimulationV3", "BoardingSimulationV3.csproj", "{1002A23C-F150-4F55-8ECA-B7E7932E5527}"
EndProject
Global
	GlobalSection(SolutionConfigurationPlatforms) = preSolution
		Debug|Any CPU = Debug|Any CPU
		Release|Any CPU = Release|Any CPU
	EndGlobalSection
	GlobalSection(ProjectConfigurationPlatforms) = postSolution
		{1002A23C-F150-4F55-8ECA-B7E7932E5527}.Debug|Any CPU.ActiveCfg = Debug|Any CPU
		{1002A23C-F150-4F55-8ECA-B7E7932E5527}.Debug|Any CPU.Build.0 = Debug|Any CPU
		{1002A23C-F150-4F55-8ECA-B7E7932E5527}.Release|Any CPU.ActiveCfg = Release|Any CPU
		{1002A23C-F150-4F55-8ECA-B7E7932E5527}.Release|Any CPU.Build.0 = Release|Any CPU
	EndGlobalSection
	GlobalSection(SolutionProperties) = preSolution
		HideSolutionNode = FALSE
	EndGlobalSection
	GlobalSection(ExtensibilityGlobals) = postSolution
		SolutionGuid = {DC1BEE7F-CBAF-4480-BB3B-FF7B313E72B3}
	EndGlobalSection
EndGlobal
